
Microsoft Visual Studio Solution File, Format Version 12.00
# Visual Studio Version 17
VisualStudioVersion = 17.14.36623.8
MinimumVisualStudioVersion = 10.0.40219.1
Project("{FAE04EC0-301F-11D3-BF4B-00C04F79EFBC}") = "Benchmarks", "Benchmarks\Benchmarks.csproj", "{2311A35A-630F-8D56-15CD-BBB525570F8F}"
EndProject
Project("{FAE04EC0-301F-11D3-BF4B-00C04F79EFBC}") = "Mamemaki.Newconn", "Mamemaki.Newconn\Mamemaki.Newconn.csproj", "{FC5F1947-9F41-EC2F-CB34-FA7B2015D72E}"
EndProject
Project("{FAE04EC0-301F-11D3-BF4B-00C04F79EFBC}") = "Mamemaki.Newconn.Tests", "Mamemaki.Newconn.Tests\Mamemaki.Newconn.Tests.csproj", "{7E7D4816-092C-2526-2E8C-AA8D7766C5A1}"
EndProject
Global
	GlobalSection(SolutionConfigurationPlatforms) = preSolution
		Debug|Any CPU = Debug|Any CPU
		Release|Any CPU = Release|Any CPU
	EndGlobalSection
	GlobalSection(ProjectConfigurationPlatforms) = postSolution
		{2311A35A-630F-8D56-15CD-BBB525570F8F}.Debug|Any CPU.ActiveCfg = Debug|Any CPU
		{2311A35A-630F-8D56-15CD-BBB525570F8F}.Debug|Any CPU.Build.0 = Debug|Any CPU
		{2311A35A-630F-8D56-15CD-BBB525570F8F}.Release|Any CPU.ActiveCfg = Release|Any CPU
		{2311A35A-630F-8D56-15CD-BBB525570F8F}.Release|Any CPU.Build.0 = Release|Any CPU
		{FC5F1947-9F41-EC2F-CB34-FA7B2015D72E}.Debug|Any CPU.ActiveCfg = Debug|Any CPU
		{FC5F1947-9F41-EC2F-CB34-FA7B2015D72E}.Debug|Any CPU.Build.0 = Debug|Any CPU
		{FC5F1947-9F41-EC2F-CB34-FA7B2015D72E}.Release|Any CPU.ActiveCfg = Release|Any CPU
		{FC5F1947-9F41-EC2F-CB34-FA7B2015D72E}.Release|Any CPU.Build.0 = Release|Any CPU
		{7E7D4816-092C-2526-2E8C-AA8D7766C5A1}.Debug|Any CPU.ActiveCfg = Debug|Any CPU
		{7E7D4816-092C-2526-2E8C-AA8D7766C5A1}.Debug|Any CPU.Build.0 = Debug|Any CPU
		{7E7D4816-092C-2526-2E8C-AA8D7766C5A1}.Release|Any CPU.ActiveCfg = Release|Any CPU
		{7E7D4816-092C-2526-2E8C-AA8D7766C5A1}.Release|Any CPU.Build.0 = Release|Any CPU
	EndGlobalSection
	GlobalSection(SolutionProperties) = preSolution
		HideSolutionNode = FALSE
	EndGlobalSection
	GlobalSection(ExtensibilityGlobals) = postSolution
		SolutionGuid = {F8060831-16D7-4307-B530-7E100B40FEB5}
	EndGlobalSection
EndGlobal
